{
  "name": "live_view_studio",
  "version": "1.0.0",
  "lockfileVersion": 3,
  "requires": true,
  "packages": {
    "": {
      "name": "live_view_studio",
      "version": "1.0.0",
      "license": "ISC",
      "dependencies": {
        "phoenix-custom-event-hook": "^0.0.6"
      }
    },
    "node_modules/ms": {
      "version": "2.1.3",
      "resolved": "https://registry.npmjs.org/ms/-/ms-2.1.3.tgz",
      "integrity": "sha512-6FlzubTLZG3J2a/NVCAleEhjzq5oxgHyaCU9yYXvcLsvoVaHJq/s5xXI6/XXP6tz7R9xAOtHnSO/tXtF3WRTlA=="
    },
    "node_modules/phoenix-custom-event-hook": {
      "version": "0.0.6",
      "resolved": "https://registry.npmjs.org/phoenix-custom-event-hook/-/phoenix-custom-event-hook-0.0.6.tgz",
      "integrity": "sha512-6rPab4rL3UwhV1En4ACvwbyG7Y3o0/I2yJDpI6BgHdt8ie/LaMG+OL3MjYt67kGybWYGC/EhyXdUsZGng3dqtA==",
      "dependencies": {
        "ms": "^2.0.0"
      }
    }
  }
}
